<?xml version="1.0" encoding="utf-8"?>
<Project ToolsVersion="4.0" xmlns="http://schemas.microsoft.com/developer/msbuild/2003">
  <ItemGroup>
    <Filter Include="Исходные файлы">
      <UniqueIdentifier>{4FC737F1-C7A5-4376-A066-2A32D752A2FF}</UniqueIdentifier>
      <Extensions>cpp;c;cc;cxx;c++;cppm;ixx;def;odl;idl;hpj;bat;asm;asmx</Extensions>
    </Filter>
    <Filter Include="Файлы заголовков">
      <UniqueIdentifier>{93995380-89BD-4b04-88EB-625FBE52EBFB}</UniqueIdentifier>
      <Extensions>h;hh;hpp;hxx;h++;hm;inl;inc;ipp;xsd</Extensions>
    </Filter>
    <Filter Include="Файлы ресурсов">
      <UniqueIdentifier>{67DA6AB6-F800-4c08-8B7A-83BB121AAD01}</UniqueIdentifier>
      <Extensions>rc;ico;cur;bmp;dlg;rc2;rct;bin;rgs;gif;jpg;jpeg;jpe;resx;tiff;tif;png;wav;mfcribbon-ms</Extensions>
    </Filter>
    <Filter Include="Window">
      <UniqueIdentifier>{05cc9e08-321c-40e8-b34c-644d3c5e5412}</UniqueIdentifier>
    </Filter>
    <Filter Include="Draw">
      <UniqueIdentifier>{20ef70c0-29e8-4d38-993a-435219548d66}</UniqueIdentifier>
    </Filter>
    <Filter Include="Axis">
      <UniqueIdentifier>{09377e12-3838-48b9-91c8-c45224aafc95}</UniqueIdentifier>
    </Filter>
    <Filter Include="Chart">
      <UniqueIdentifier>{1aa4745f-8a82-4314-8656-d9438e78bfca}</UniqueIdentifier>
    </Filter>
  </ItemGroup>
  <ItemGroup>
    <ClCompile Include="main.cpp">
      <Filter>Файлы ресурсов</Filter>
    </ClCompile>
    <ClCompile Include="Window.cpp">
      <Filter>Window</Filter>
    </ClCompile>
    <ClCompile Include="Draw.cpp">
      <Filter>Draw</Filter>
    </ClCompile>
    <ClCompile Include="Axis.cpp">
      <Filter>Axis</Filter>
    </ClCompile>
    <ClCompile Include="Chart.cpp">
      <Filter>Chart</Filter>
    </ClCompile>
  </ItemGroup>
  <ItemGroup>
    <ClInclude Include="Window.h">
      <Filter>Window</Filter>
    </ClInclude>
    <ClInclude Include="Draw.h">
      <Filter>Draw</Filter>
    </ClInclude>
    <ClInclude Include="Axis.h">
      <Filter>Axis</Filter>
    </ClInclude>
    <ClInclude Include="Chart.h">
      <Filter>Chart</Filter>
    </ClInclude>
  </ItemGroup>
</Project>